{
  "name": "jsmd",
  "version": "1.0.0",
  "lockfileVersion": 1,
  "requires": true,
  "dependencies": {
    "abbrev": {
      "version": "1.0.9",
      "resolved": "https://registry.npmjs.org/abbrev/-/abbrev-1.0.9.tgz",
      "integrity": "sha1-kbR5JYinc4wl813W9jdSovh3YTU=",
      "dev": true
    },
    "amdefine": {
      "version": "1.0.0",
      "resolved": "https://registry.npmjs.org/amdefine/-/amdefine-1.0.0.tgz",
      "integrity": "sha1-/RdHRwDLXMnCtwnwvp0jzjwZjDM=",
      "dev": true
    },
    "argvee": {
      "version": "0.1.1",
      "resolved": "https://registry.npmjs.org/argvee/-/argvee-0.1.1.tgz",
      "integrity": "sha1-2Q6HpEKdHoo6c+Y4okL76lz2DLM=",
      "dev": true
    },
    "array-filter": {
      "version": "0.0.1",
      "resolved": "https://registry.npmjs.org/array-filter/-/array-filter-0.0.1.tgz",
      "integrity": "sha1-fajPLiZijtcygDWB/SH2fKzS7uw=",
      "dev": true
    },
    "array-map": {
      "version": "0.0.0",
      "resolved": "https://registry.npmjs.org/array-map/-/array-map-0.0.0.tgz",
      "integrity": "sha1-iKK6tz0c97zVwbEYoAP2b2ZfpmI=",
      "dev": true
    },
    "array-reduce": {
      "version": "0.0.0",
      "resolved": "https://registry.npmjs.org/array-reduce/-/array-reduce-0.0.0.tgz",
      "integrity": "sha1-FziZ0//Rx9k4PkR5Ul2+J4yrXys=",
      "dev": true
    },
    "assertion-error": {
      "version": "1.0.0",
      "resolved": "https://registry.npmjs.org/assertion-error/-/assertion-error-1.0.0.tgz",
      "integrity": "sha1-x/hUOP3UZrx8oWq5DIFRN5el0js=",
      "dev": true
    },
    "async": {
      "version": "0.2.10",
      "resolved": "https://registry.npmjs.org/async/-/async-0.2.10.tgz",
      "integrity": "sha1-trvgsGdLnXGXCMo43owjfLUmw9E=",
      "dev": true
    },
    "aws-sign": {
      "version": "0.2.0",
      "resolved": "https://registry.npmjs.org/aws-sign/-/aws-sign-0.2.0.tgz",
      "integrity": "sha1-xVAThWyBlOyFSgy+yQqrWgTOOsU=",
      "dev": true
    },
    "boom": {
      "version": "0.3.8",
      "resolved": "https://registry.npmjs.org/boom/-/boom-0.3.8.tgz",
      "integrity": "sha1-yM2wQUNZEnQWKMBE7Mcy0dF8Ceo=",
      "dev": true,
      "requires": {
        "hoek": "0.7.6"
      }
    },
    "chai": {
      "version": "1.10.0",
      "resolved": "https://registry.npmjs.org/chai/-/chai-1.10.0.tgz",
      "integrity": "sha1-5AMcyHZURhp1lD5aNatG6vOcHrk=",
      "dev": true,
      "requires": {
        "assertion-error": "1.0.0",
        "deep-eql": "0.1.3"
      }
    },
    "cli": {
      "version": "0.4.5",
      "resolved": "https://registry.npmjs.org/cli/-/cli-0.4.5.tgz",
      "integrity": "sha1-ePlIXNFhtWbppsctcXDEJw6B22E=",
      "dev": true,
      "requires": {
        "glob": "3.2.11"
      }
    },
    "clone": {
      "version": "1.0.2",
      "resolved": "https://registry.npmjs.org/clone/-/clone-1.0.2.tgz",
      "integrity": "sha1-Jgt6meux7f4kdTgXX3gyQ8sZ0Uk=",
      "dev": true
    },
    "combined-stream": {
      "version": "0.0.7",
      "resolved": "https://registry.npmjs.org/combined-stream/-/combined-stream-0.0.7.tgz",
      "integrity": "sha1-ATfmV7qlp1QcV6w3rF/AfXO03B8=",
      "dev": true,
      "requires": {
        "delayed-stream": "0.0.5"
      }
    },
    "console-browserify": {
      "version": "0.1.6",
      "resolved": "https://registry.npmjs.org/console-browserify/-/console-browserify-0.1.6.tgz",
      "integrity": "sha1-0SijwLuINQ61YmxufHGm8P1ImDw=",
      "dev": true
    },
    "cookie-jar": {
      "version": "0.2.0",
      "resolved": "https://registry.npmjs.org/cookie-jar/-/cookie-jar-0.2.0.tgz",
      "integrity": "sha1-ZOzAasl423leS1KQy+SLo3gUAPo=",
      "dev": true
    },
    "coveralls": {
      "version": "2.3.0",
      "resolved": "https://registry.npmjs.org/coveralls/-/coveralls-2.3.0.tgz",
      "integrity": "sha1-ntpWnBFSFKy39YyjooQB6GZIUUQ=",
      "dev": true,
      "requires": {
        "lcov-parse": "0.0.4",
        "log-driver": "1.2.1",
        "request": "2.16.2",
        "yaml": "0.2.3"
      }
    },
    "cryptiles": {
      "version": "0.1.3",
      "resolved": "https://registry.npmjs.org/cryptiles/-/cryptiles-0.1.3.tgz",
      "integrity": "sha1-GlVnNPBtJLo0hirpy55wmjr7/xw=",
      "dev": true,
      "requires": {
        "boom": "0.3.8"
      }
    },
    "deep-eql": {
      "version": "0.1.3",
      "resolved": "https://registry.npmjs.org/deep-eql/-/deep-eql-0.1.3.tgz",
      "integrity": "sha1-71WKyrjeJSBs1xOQbXTlaTDrafI=",
      "dev": true,
      "requires": {
        "type-detect": "0.1.1"
      }
    },
    "deep-is": {
      "version": "0.1.3",
      "resolved": "https://registry.npmjs.org/deep-is/-/deep-is-0.1.3.tgz",
      "integrity": "sha1-s2nW+128E+7PUk+RsHD+7cNXzzQ="
    },
    "delayed-stream": {
      "version": "0.0.5",
      "resolved": "https://registry.npmjs.org/delayed-stream/-/delayed-stream-0.0.5.tgz",
      "integrity": "sha1-1LH0OpPoKW3+AmlPRoC8N6MTxz8=",
      "dev": true
    },
    "escodegen": {
      "version": "1.9.1",
      "resolved": "https://registry.npmjs.org/escodegen/-/escodegen-1.9.1.tgz",
      "integrity": "sha512-6hTjO1NAWkHnDk3OqQ4YrCuwwmGHL9S3nPlzBOUG/R44rda3wLNrfvQ5fkSGjyhHFKM7ALPKcKGrwvCLe0lC7Q==",
      "requires": {
        "esprima": "3.1.3",
        "estraverse": "4.2.0",
        "esutils": "2.0.2",
        "optionator": "0.8.1",
        "source-map": "0.6.1"
      },
      "dependencies": {
        "esprima": {
          "version": "3.1.3",
          "resolved": "https://registry.npmjs.org/esprima/-/esprima-3.1.3.tgz",
          "integrity": "sha1-/cpRzuYTOJXjyI1TXOSdv/YqRjM="
        },
        "source-map": {
          "version": "0.6.1",
          "resolved": "https://registry.npmjs.org/source-map/-/source-map-0.6.1.tgz",
          "integrity": "sha512-UjgapumWlbMhkBgzT7Ykc5YXUT46F0iKu8SGXq0bcwP5dz/h0Plj6enJqjz1Zbq2l5WaqYnrVbwWOWMyF3F47g==",
          "optional": true
        }
      }
    },
    "esprima": {
      "version": "2.7.3",
      "resolved": "https://registry.npmjs.org/esprima/-/esprima-2.7.3.tgz",
      "integrity": "sha1-luO3DVd59q1JzQMmc9HDEnZ7pYE="
    },
    "estraverse": {
      "version": "4.2.0",
      "resolved": "https://registry.npmjs.org/estraverse/-/estraverse-4.2.0.tgz",
      "integrity": "sha1-De4/7TH81GlhjOc0IJn8GvoL2xM="
    },
    "esutils": {
      "version": "2.0.2",
      "resolved": "https://registry.npmjs.org/esutils/-/esutils-2.0.2.tgz",
      "integrity": "sha1-Cr9PHKpbyx96nYrMbepPqqBLrJs="
    },
    "evts": {
      "version": "0.1.0",
      "resolved": "https://registry.npmjs.org/evts/-/evts-0.1.0.tgz",
      "integrity": "sha1-Ax8qT4tbvFE3heYiJVxZ4IaQRxg=",
      "dev": true
    },
    "eyehurt": {
      "version": "0.0.1",
      "resolved": "https://registry.npmjs.org/eyehurt/-/eyehurt-0.0.1.tgz",
      "integrity": "sha1-oVewT6asqIseMXG7svuoCJwcY/I=",
      "dev": true
    },
    "fast-levenshtein": {
      "version": "1.1.4",
      "resolved": "https://registry.npmjs.org/fast-levenshtein/-/fast-levenshtein-1.1.4.tgz",
      "integrity": "sha1-5qdUzI8V5YmHqpy9J69m/W9OWvk="
    },
    "fileset": {
      "version": "0.1.8",
      "resolved": "https://registry.npmjs.org/fileset/-/fileset-0.1.8.tgz",
      "integrity": "sha1-UGuRqTluqn4y+0KoQHfHoMc2t0E=",
      "dev": true,
      "requires": {
        "glob": "3.2.11",
        "minimatch": "0.3.0"
      }
    },
    "fload": {
      "version": "0.1.1",
      "resolved": "https://registry.npmjs.org/fload/-/fload-0.1.1.tgz",
      "integrity": "sha1-uZAJtkckaJlhE4qMDBwaXBgv+d8=",
      "dev": true,
      "requires": {
        "glob": "3.2.11"
      }
    },
    "forever-agent": {
      "version": "0.2.0",
      "resolved": "https://registry.npmjs.org/forever-agent/-/forever-agent-0.2.0.tgz",
      "integrity": "sha1-4cJcetROCcOPIzh2x2/MJP+EOx8=",
      "dev": true
    },
    "form-data": {
      "version": "0.0.10",
      "resolved": "https://registry.npmjs.org/form-data/-/form-data-0.0.10.tgz",
      "integrity": "sha1-2zRaU3jYau6x7V1VO4aawZLS9e0=",
      "dev": true,
      "requires": {
        "async": "0.2.10",
        "combined-stream": "0.0.7",
        "mime": "1.2.11"
      }
    },
    "glob": {
      "version": "3.2.11",
      "resolved": "https://registry.npmjs.org/glob/-/glob-3.2.11.tgz",
      "integrity": "sha1-Spc/Y1uRkPcV0QmH1cAP0oFevj0=",
      "dev": true,
      "requires": {
        "inherits": "2.0.3",
        "minimatch": "0.3.0"
      }
    },
    "globalo": {
      "version": "0.0.1",
      "resolved": "https://registry.npmjs.org/globalo/-/globalo-0.0.1.tgz",
      "integrity": "sha1-4I9F6CFqfxUBmLC2e3NVPzhjSkg=",
      "dev": true
    },
    "handlebars": {
      "version": "1.0.12",
      "resolved": "https://registry.npmjs.org/handlebars/-/handlebars-1.0.12.tgz",
      "integrity": "sha1-GMbTRAw16RsZs/9YK5FRq0mF1Pw=",
      "dev": true,
      "requires": {
        "optimist": "0.3.7",
        "uglify-js": "2.3.6"
      }
    },
    "hawk": {
      "version": "0.10.2",
      "resolved": "https://registry.npmjs.org/hawk/-/hawk-0.10.2.tgz",
      "integrity": "sha1-mzYd7pWpMWQObVBOBWCaj8OsRdI=",
      "dev": true,
      "requires": {
        "boom": "0.3.8",
        "cryptiles": "0.1.3",
        "hoek": "0.7.6",
        "sntp": "0.1.4"
      }
    },
    "hoek": {
      "version": "0.7.6",
      "resolved": "https://registry.npmjs.org/hoek/-/hoek-0.7.6.tgz",
      "integrity": "sha1-YPvZBFV1Qc0rh5Wr8wihs3cOFVo=",
      "dev": true
    },
    "hydro": {
      "version": "0.10.1",
      "resolved": "https://registry.npmjs.org/hydro/-/hydro-0.10.1.tgz",
      "integrity": "sha1-i/WUJzONNcKbqQ7DY57uI17UgJQ=",
      "dev": true,
      "requires": {
        "argvee": "0.1.1",
        "evts": "0.1.0",
        "fload": "0.1.1",
        "globalo": "0.0.1",
        "loa": "0.0.2",
        "super": "0.2.3",
        "tryc": "0.1.0",
        "v8-argv": "0.2.0"
      },
      "dependencies": {
        "v8-argv": {
          "version": "0.2.0",
          "resolved": "https://registry.npmjs.org/v8-argv/-/v8-argv-0.2.0.tgz",
          "integrity": "sha1-TLnsU+pElAJoGp+sa42L6Nn5s14=",
          "dev": true
        }
      }
    },
    "hydro-chai": {
      "version": "0.3.1",
      "resolved": "https://registry.npmjs.org/hydro-chai/-/hydro-chai-0.3.1.tgz",
      "integrity": "sha1-57uU/DEWAxj2giQU0xo6MzpILW4=",
      "dev": true,
      "requires": {
        "loa": "0.0.2"
      }
    },
    "hydro-dot": {
      "version": "2.0.1",
      "resolved": "https://registry.npmjs.org/hydro-dot/-/hydro-dot-2.0.1.tgz",
      "integrity": "sha1-fmvpieCCNPffr+sIYagiq4QPPp8=",
      "dev": true,
      "requires": {
        "hydro-formatter": "2.2.8"
      }
    },
    "hydro-formatter": {
      "version": "2.2.8",
      "resolved": "https://registry.npmjs.org/hydro-formatter/-/hydro-formatter-2.2.8.tgz",
      "integrity": "sha1-+eLiDeMK8kqF3ggDlzy99m3IEYs=",
      "dev": true,
      "requires": {
        "eyehurt": "0.0.1",
        "loupe": "0.0.1",
        "ms": "0.6.2",
        "super": "0.2.3"
      }
    },
    "hydro-silent": {
      "version": "1.0.1",
      "resolved": "https://registry.npmjs.org/hydro-silent/-/hydro-silent-1.0.1.tgz",
      "integrity": "sha1-Rbj6H5gh5ZLTwr8Ie7ZgbGrM2uc=",
      "dev": true,
      "requires": {
        "hydro-formatter": "1.0.1"
      },
      "dependencies": {
        "hydro-formatter": {
          "version": "1.0.1",
          "resolved": "https://registry.npmjs.org/hydro-formatter/-/hydro-formatter-1.0.1.tgz",
          "integrity": "sha1-2fYrKYnwmETya0EJTnmG/Q5hoq4=",
          "dev": true,
          "requires": {
            "ms": "0.6.2",
            "super": "0.2.3"
          }
        }
      }
    },
    "inherits": {
      "version": "2.0.3",
      "resolved": "https://registry.npmjs.org/inherits/-/inherits-2.0.3.tgz",
      "integrity": "sha1-Yzwsg+PaQqUC9SRmAiSA9CCCYd4=",
      "dev": true
    },
    "istanbul": {
      "version": "0.1.46",
      "resolved": "https://registry.npmjs.org/istanbul/-/istanbul-0.1.46.tgz",
      "integrity": "sha1-zv6xx4fRJabbI70PY7Drk5CwtA0=",
      "dev": true,
      "requires": {
        "abbrev": "1.0.9",
        "async": "0.2.10",
        "escodegen": "0.0.23",
        "esprima": "1.0.4",
        "fileset": "0.1.8",
        "handlebars": "1.0.12",
        "mkdirp": "0.3.5",
        "nopt": "2.1.2",
        "resolve": "0.5.1",
        "which": "1.0.9",
        "wordwrap": "0.0.3"
      },
      "dependencies": {
        "escodegen": {
          "version": "0.0.23",
          "resolved": "https://registry.npmjs.org/escodegen/-/escodegen-0.0.23.tgz",
          "integrity": "sha1-ms+XgWQ2jkInZXHxiDnII7OoRN8=",
          "dev": true,
          "requires": {
            "esprima": "1.0.4",
            "estraverse": "0.0.4",
            "source-map": "0.2.0"
          }
        },
        "esprima": {
          "version": "1.0.4",
          "resolved": "https://registry.npmjs.org/esprima/-/esprima-1.0.4.tgz",
          "integrity": "sha1-n1V+CPw7TSbs6d00+Pv0drYlha0=",
          "dev": true
        },
        "estraverse": {
          "version": "0.0.4",
          "resolved": "https://registry.npmjs.org/estraverse/-/estraverse-0.0.4.tgz",
          "integrity": "sha1-AaCTLf7ldGhKWYr1pnw7+bZCjbI=",
          "dev": true
        },
        "wordwrap": {
          "version": "0.0.3",
          "resolved": "https://registry.npmjs.org/wordwrap/-/wordwrap-0.0.3.tgz",
          "integrity": "sha1-o9XabNXAvAAI03I0u68b7WMFkQc=",
          "dev": true
        }
      }
    },
    "jshint": {
      "version": "2.3.0",
      "resolved": "https://registry.npmjs.org/jshint/-/jshint-2.3.0.tgz",
      "integrity": "sha1-GVBEVaLCDEbuGDNh64fzocC33Ec=",
      "dev": true,
      "requires": {
        "cli": "0.4.5",
        "console-browserify": "0.1.6",
        "minimatch": "0.3.0",
        "shelljs": "0.1.4",
        "underscore": "1.4.4"
      }
    },
    "json-stringify-safe": {
      "version": "3.0.0",
      "resolved": "https://registry.npmjs.org/json-stringify-safe/-/json-stringify-safe-3.0.0.tgz",
      "integrity": "sha1-nbew5TDH8onF6MhDKvGRwv91pbM=",
      "dev": true
    },
    "jsonify": {
      "version": "0.0.0",
      "resolved": "https://registry.npmjs.org/jsonify/-/jsonify-0.0.0.tgz",
      "integrity": "sha1-LHS27kHZPKUbe1qu6PUDYx0lKnM=",
      "dev": true
    },
    "lcov-parse": {
      "version": "0.0.4",
      "resolved": "https://registry.npmjs.org/lcov-parse/-/lcov-parse-0.0.4.tgz",
      "integrity": "sha1-OFOk8TLwRYHbDnTBgFQtkPDRxms=",
      "dev": true
    },
    "levn": {
      "version": "0.3.0",
      "resolved": "https://registry.npmjs.org/levn/-/levn-0.3.0.tgz",
      "integrity": "sha1-OwmSTt+fCDwEkP3UwLxEIeBHZO4=",
      "requires": {
        "prelude-ls": "1.1.2",
        "type-check": "0.3.2"
      }
    },
    "loa": {
      "version": "0.0.2",
      "resolved": "https://registry.npmjs.org/loa/-/loa-0.0.2.tgz",
      "integrity": "sha1-1bBAI7wlxy9Qr1wRDvD00Mf73Pk=",
      "dev": true
    },
    "log-driver": {
      "version": "1.2.1",
      "resolved": "https://registry.npmjs.org/log-driver/-/log-driver-1.2.1.tgz",
      "integrity": "sha1-raggKhM+mXZDBmUuGV4oJosL6ls=",
      "dev": true
    },
    "loupe": {
      "version": "0.0.1",
      "resolved": "https://registry.npmjs.org/loupe/-/loupe-0.0.1.tgz",
      "integrity": "sha1-iDhU/6SuH/GfKauGLsXRQFT8anw=",
      "dev": true
    },
    "lru-cache": {
      "version": "2.7.3",
      "resolved": "https://registry.npmjs.org/lru-cache/-/lru-cache-2.7.3.tgz",
      "integrity": "sha1-bUUk6LlV+V1PW1iFHOId1y+06VI=",
      "dev": true
    },
    "marked": {
      "version": "0.3.9",
      "resolved": "https://registry.npmjs.org/marked/-/marked-0.3.9.tgz",
      "integrity": "sha512-nW5u0dxpXxHfkHzzrveY45gCbi+R4PaO4WRZYqZNl+vB0hVGeqlFn0aOg1c8AKL63TrNFn9Bm2UP4AdiZ9TPLw=="
    },
    "mime": {
      "version": "1.2.11",
      "resolved": "https://registry.npmjs.org/mime/-/mime-1.2.11.tgz",
      "integrity": "sha1-WCA+7Ybjpe8XrtK32evUfwpg3RA=",
      "dev": true
    },
    "minimatch": {
      "version": "0.3.0",
      "resolved": "https://registry.npmjs.org/minimatch/-/minimatch-0.3.0.tgz",
      "integrity": "sha1-J12O2qxPG7MyZHIInnlJyDlGmd0=",
      "dev": true,
      "requires": {
        "lru-cache": "2.7.3",
        "sigmund": "1.0.1"
      }
    },
    "mkdirp": {
      "version": "0.3.5",
      "resolved": "https://registry.npmjs.org/mkdirp/-/mkdirp-0.3.5.tgz",
      "integrity": "sha1-3j5fiWHIjHh+4TaN+EmsRBPsqNc=",
      "dev": true
    },
    "ms": {
      "version": "0.6.2",
      "resolved": "https://registry.npmjs.org/ms/-/ms-0.6.2.tgz",
      "integrity": "sha1-2JwhJMb9wTU9Zai3e/GqxLGTcIw=",
      "dev": true
    },
    "nixt": {
      "version": "0.5.0",
      "resolved": "https://registry.npmjs.org/nixt/-/nixt-0.5.0.tgz",
      "integrity": "sha1-JDs0C1K13TYi7oA0u7XU3fNHxfY=",
      "dev": true,
      "requires": {
        "assertion-error": "1.0.0",
        "clone": "1.0.2",
        "shell-quote": "1.6.1",
        "string": "3.3.1"
      }
    },
    "node-uuid": {
      "version": "1.4.7",
      "resolved": "https://registry.npmjs.org/node-uuid/-/node-uuid-1.4.7.tgz",
      "integrity": "sha1-baWhdmjEs91ZYjvaEc9/pMH2Cm8=",
      "dev": true
    },
    "nopt": {
      "version": "2.1.2",
      "resolved": "https://registry.npmjs.org/nopt/-/nopt-2.1.2.tgz",
      "integrity": "sha1-bMzZd7gBMqB3MdbozljCyDA8+a8=",
      "dev": true,
      "requires": {
        "abbrev": "1.0.9"
      }
    },
    "oauth-sign": {
      "version": "0.2.0",
      "resolved": "https://registry.npmjs.org/oauth-sign/-/oauth-sign-0.2.0.tgz",
      "integrity": "sha1-oOahcV2u0GLzIrYit/5a/RA1tuI=",
      "dev": true
    },
    "optimist": {
      "version": "0.3.7",
      "resolved": "https://registry.npmjs.org/optimist/-/optimist-0.3.7.tgz",
      "integrity": "sha1-yQlBrVnkJzMokjB00s8ufLxuwNk=",
      "dev": true,
      "requires": {
        "wordwrap": "0.0.3"
      },
      "dependencies": {
        "wordwrap": {
          "version": "0.0.3",
          "resolved": "https://registry.npmjs.org/wordwrap/-/wordwrap-0.0.3.tgz",
          "integrity": "sha1-o9XabNXAvAAI03I0u68b7WMFkQc=",
          "dev": true
        }
      }
    },
    "optionator": {
      "version": "0.8.1",
      "resolved": "https://registry.npmjs.org/optionator/-/optionator-0.8.1.tgz",
      "integrity": "sha1-4xtJMs3V+4Yqiw0QvGPT7h7H14s=",
      "requires": {
        "deep-is": "0.1.3",
        "fast-levenshtein": "1.1.4",
        "levn": "0.3.0",
        "prelude-ls": "1.1.2",
        "type-check": "0.3.2",
        "wordwrap": "1.0.0"
      }
    },
    "prelude-ls": {
      "version": "1.1.2",
      "resolved": "https://registry.npmjs.org/prelude-ls/-/prelude-ls-1.1.2.tgz",
      "integrity": "sha1-IZMqVJ9eUv/ZqCf1cOBL5iqX2lQ="
    },
    "qs": {
      "version": "0.5.6",
      "resolved": "https://registry.npmjs.org/qs/-/qs-0.5.6.tgz",
      "integrity": "sha1-MbGtBYVnZRxSaSFQa5qHk5EaA4Q=",
      "dev": true
    },
    "request": {
      "version": "2.16.2",
      "resolved": "https://registry.npmjs.org/request/-/request-2.16.2.tgz",
      "integrity": "sha1-g6AovmG+SgUWPn4uektA413xvLk=",
      "dev": true,
      "requires": {
        "aws-sign": "0.2.0",
        "cookie-jar": "0.2.0",
        "forever-agent": "0.2.0",
        "form-data": "0.0.10",
        "hawk": "0.10.2",
        "json-stringify-safe": "3.0.0",
        "mime": "1.2.11",
        "node-uuid": "1.4.7",
        "oauth-sign": "0.2.0",
        "qs": "0.5.6",
        "tunnel-agent": "0.2.0"
      }
    },
    "resolve": {
      "version": "0.5.1",
      "resolved": "https://registry.npmjs.org/resolve/-/resolve-0.5.1.tgz",
      "integrity": "sha1-FeSiIsQja81M+FRUQSwtD7ZSRXY=",
      "dev": true
    },
    "shell-quote": {
      "version": "1.6.1",
      "resolved": "https://registry.npmjs.org/shell-quote/-/shell-quote-1.6.1.tgz",
      "integrity": "sha1-9HgZSczkAmlxJ0MOo7PFR29IF2c=",
      "dev": true,
      "requires": {
        "array-filter": "0.0.1",
        "array-map": "0.0.0",
        "array-reduce": "0.0.0",
        "jsonify": "0.0.0"
      }
    },
    "shelljs": {
      "version": "0.1.4",
      "resolved": "https://registry.npmjs.org/shelljs/-/shelljs-0.1.4.tgz",
      "integrity": "sha1-37vnjVbDwBaNL7eeEOzR28sH7A4=",
      "dev": true
    },
    "sigmund": {
      "version": "1.0.1",
      "resolved": "https://registry.npmjs.org/sigmund/-/sigmund-1.0.1.tgz",
      "integrity": "sha1-P/IfGYytIXX587eBhT/ZTQ0ZtZA=",
      "dev": true
    },
    "sntp": {
      "version": "0.1.4",
      "resolved": "https://registry.npmjs.org/sntp/-/sntp-0.1.4.tgz",
      "integrity": "sha1-XvSBuVGnspr/30r9fyaDj8ESD4Q=",
      "dev": true,
      "requires": {
        "hoek": "0.7.6"
      }
    },
    "source-map": {
      "version": "0.2.0",
      "resolved": "https://registry.npmjs.org/source-map/-/source-map-0.2.0.tgz",
      "integrity": "sha1-2rc/vPwrqBm03gO9b26qSBZLP50=",
      "dev": true,
      "optional": true,
      "requires": {
        "amdefine": "1.0.0"
      }
    },
    "string": {
      "version": "3.3.1",
      "resolved": "https://registry.npmjs.org/string/-/string-3.3.1.tgz",
      "integrity": "sha1-jSdX7BwObFJnlvu2sUA2pAmDmLc=",
      "dev": true
    },
    "super": {
      "version": "0.2.3",
      "resolved": "https://registry.npmjs.org/super/-/super-0.2.3.tgz",
      "integrity": "sha1-pmlcHc4A/1hDKmPouc4miTK0LGE=",
      "dev": true
    },
    "tryc": {
      "version": "0.1.0",
      "resolved": "https://registry.npmjs.org/tryc/-/tryc-0.1.0.tgz",
      "integrity": "sha1-MNjFxgo/5fO258hsFurB6+Dz/1s=",
      "dev": true
    },
    "tunnel-agent": {
      "version": "0.2.0",
      "resolved": "https://registry.npmjs.org/tunnel-agent/-/tunnel-agent-0.2.0.tgz",
      "integrity": "sha1-aFPCr7GyEJ5FYp5JK9419Fnqaeg=",
      "dev": true
    },
    "type-check": {
      "version": "0.3.2",
      "resolved": "https://registry.npmjs.org/type-check/-/type-check-0.3.2.tgz",
      "integrity": "sha1-WITKtRLPHTVeP7eE8wgEsrUg23I=",
      "requires": {
        "prelude-ls": "1.1.2"
      }
    },
    "type-detect": {
      "version": "0.1.1",
      "resolved": "https://registry.npmjs.org/type-detect/-/type-detect-0.1.1.tgz",
      "integrity": "sha1-C6XsKohWQORw6k6FBZcZANrFiCI=",
      "dev": true
    },
    "uglify-js": {
      "version": "2.3.6",
      "resolved": "https://registry.npmjs.org/uglify-js/-/uglify-js-2.3.6.tgz",
      "integrity": "sha1-+gmEdwtCi3qbKoBY9GNV0U/vIRo=",
      "dev": true,
      "requires": {
        "async": "0.2.10",
        "optimist": "0.3.7",
        "source-map": "0.1.43"
      },
      "dependencies": {
        "source-map": {
          "version": "0.1.43",
          "resolved": "https://registry.npmjs.org/source-map/-/source-map-0.1.43.tgz",
          "integrity": "sha1-wkvBRspRfBRx9drL4lcbK3+eM0Y=",
          "dev": true,
          "requires": {
            "amdefine": "1.0.0"
          }
        }
      }
    },
    "underscore": {
      "version": "1.4.4",
      "resolved": "https://registry.npmjs.org/underscore/-/underscore-1.4.4.tgz",
      "integrity": "sha1-YaajIBBiKvoHljvzJSA88SI51gQ=",
      "dev": true
    },
    "v8-argv": {
      "version": "github:jkroso/v8-argv#284f84379e292eb956a5e7b66fb953ec4974385e"
    },
    "which": {
      "version": "1.0.9",
      "resolved": "https://registry.npmjs.org/which/-/which-1.0.9.tgz",
      "integrity": "sha1-RgwdoPgQED0DIam2M6+eV15kSG8=",
      "dev": true
    },
    "wordwrap": {
      "version": "1.0.0",
      "resolved": "https://registry.npmjs.org/wordwrap/-/wordwrap-1.0.0.tgz",
      "integrity": "sha1-J1hIEIkUVqQXHI0CJkQa3pDLyus="
    },
    "yaml": {
      "version": "0.2.3",
      "resolved": "https://registry.npmjs.org/yaml/-/yaml-0.2.3.tgz",
      "integrity": "sha1-tUUOkudu82td0k42YAkeuu7z5cc=",
      "dev": true
    }
  }
}
